
Microsoft Visual Studio Solution File, Format Version 12.00
# Visual Studio Version 17
VisualStudioVersion = 17.0.31903.59
MinimumVisualStudioVersion = 10.0.40219.1
Project("{2150E333-8FDC-42A3-9474-1A3956D46DE8}") = "extras", "extras", "{F3F1C353-5E91-4185-9489-96039A514FCF}"
	ProjectSection(SolutionItems) = preProject
		README.md = README.md
	EndProjectSection
EndProject
Project("{9A19103F-16F7-4668-BE54-9A1E7A4F7556}") = "is4", "is4\is4.csproj", "{8069EB70-CB8E-488C-9960-D232B4ED1EA4}"
EndProject
Project("{9A19103F-16F7-4668-BE54-9A1E7A4F7556}") = "post1", "post1\post1.csproj", "{32889896-399F-4D06-B116-13E74500343A}"
EndProject
Project("{9A19103F-16F7-4668-BE54-9A1E7A4F7556}") = "WebApi", "WebApi\WebApi.csproj", "{9C284435-F1D3-4C24-86CA-561509F40D37}"
EndProject
Project("{9A19103F-16F7-4668-BE54-9A1E7A4F7556}") = "WebClient", "WebClient\WebClient.csproj", "{CC699B5C-1BC0-46FF-9055-5CD8A02BB5E8}"
EndProject
Global
	GlobalSection(SolutionConfigurationPlatforms) = preSolution
		Debug|Any CPU = Debug|Any CPU
		Release|Any CPU = Release|Any CPU
	EndGlobalSection
	GlobalSection(ProjectConfigurationPlatforms) = postSolution
		{8069EB70-CB8E-488C-9960-D232B4ED1EA4}.Debug|Any CPU.ActiveCfg = Debug|Any CPU
		{8069EB70-CB8E-488C-9960-D232B4ED1EA4}.Debug|Any CPU.Build.0 = Debug|Any CPU
		{8069EB70-CB8E-488C-9960-D232B4ED1EA4}.Release|Any CPU.ActiveCfg = Release|Any CPU
		{8069EB70-CB8E-488C-9960-D232B4ED1EA4}.Release|Any CPU.Build.0 = Release|Any CPU
		{32889896-399F-4D06-B116-13E74500343A}.Debug|Any CPU.ActiveCfg = Debug|Any CPU
		{32889896-399F-4D06-B116-13E74500343A}.Debug|Any CPU.Build.0 = Debug|Any CPU
		{32889896-399F-4D06-B116-13E74500343A}.Release|Any CPU.ActiveCfg = Release|Any CPU
		{32889896-399F-4D06-B116-13E74500343A}.Release|Any CPU.Build.0 = Release|Any CPU
		{9C284435-F1D3-4C24-86CA-561509F40D37}.Debug|Any CPU.ActiveCfg = Debug|Any CPU
		{9C284435-F1D3-4C24-86CA-561509F40D37}.Debug|Any CPU.Build.0 = Debug|Any CPU
		{9C284435-F1D3-4C24-86CA-561509F40D37}.Release|Any CPU.ActiveCfg = Release|Any CPU
		{9C284435-F1D3-4C24-86CA-561509F40D37}.Release|Any CPU.Build.0 = Release|Any CPU
		{CC699B5C-1BC0-46FF-9055-5CD8A02BB5E8}.Debug|Any CPU.ActiveCfg = Debug|Any CPU
		{CC699B5C-1BC0-46FF-9055-5CD8A02BB5E8}.Debug|Any CPU.Build.0 = Debug|Any CPU
		{CC699B5C-1BC0-46FF-9055-5CD8A02BB5E8}.Release|Any CPU.ActiveCfg = Release|Any CPU
		{CC699B5C-1BC0-46FF-9055-5CD8A02BB5E8}.Release|Any CPU.Build.0 = Release|Any CPU
	EndGlobalSection
	GlobalSection(SolutionProperties) = preSolution
		HideSolutionNode = FALSE
	EndGlobalSection
EndGlobal
